
Microsoft Visual Studio Solution File, Format Version 12.00
# Visual Studio Version 17
VisualStudioVersion = 17.2.32616.157
MinimumVisualStudioVersion = 10.0.40219.1
Project("{9A19103F-16F7-4668-BE54-9A1E7A4F7556}") = "Rendering Proto", "Rendering Proto\Rendering Proto.csproj", "{9D8708A9-FC04-46AF-8100-B9CB66205300}"
EndProject
Project("{9A19103F-16F7-4668-BE54-9A1E7A4F7556}") = "Engine", "Engine\Engine.csproj", "{900E9666-77B6-43B7-9915-A35174088CA9}"
EndProject
Project("{FAE04EC0-301F-11D3-BF4B-00C04F79EFBC}") = "SpriteBuilder", "SpriteBuilder\SpriteBuilder.csproj", "{CC75F95A-978A-4B5E-AB76-2263C8954D51}"
EndProject
Global
	GlobalSection(SolutionConfigurationPlatforms) = preSolution
		Debug|Any CPU = Debug|Any CPU
		Release|Any CPU = Release|Any CPU
	EndGlobalSection
	GlobalSection(ProjectConfigurationPlatforms) = postSolution
		{9D8708A9-FC04-46AF-8100-B9CB66205300}.Debug|Any CPU.ActiveCfg = Debug|Any CPU
		{9D8708A9-FC04-46AF-8100-B9CB66205300}.Debug|Any CPU.Build.0 = Debug|Any CPU
		{9D8708A9-FC04-46AF-8100-B9CB66205300}.Release|Any CPU.ActiveCfg = Release|Any CPU
		{9D8708A9-FC04-46AF-8100-B9CB66205300}.Release|Any CPU.Build.0 = Release|Any CPU
		{900E9666-77B6-43B7-9915-A35174088CA9}.Debug|Any CPU.ActiveCfg = Debug|Any CPU
		{900E9666-77B6-43B7-9915-A35174088CA9}.Debug|Any CPU.Build.0 = Debug|Any CPU
		{900E9666-77B6-43B7-9915-A35174088CA9}.Release|Any CPU.ActiveCfg = Release|Any CPU
		{900E9666-77B6-43B7-9915-A35174088CA9}.Release|Any CPU.Build.0 = Release|Any CPU
		{CC75F95A-978A-4B5E-AB76-2263C8954D51}.Debug|Any CPU.ActiveCfg = Debug|Any CPU
		{CC75F95A-978A-4B5E-AB76-2263C8954D51}.Debug|Any CPU.Build.0 = Debug|Any CPU
		{CC75F95A-978A-4B5E-AB76-2263C8954D51}.Release|Any CPU.ActiveCfg = Release|Any CPU
		{CC75F95A-978A-4B5E-AB76-2263C8954D51}.Release|Any CPU.Build.0 = Release|Any CPU
	EndGlobalSection
	GlobalSection(SolutionProperties) = preSolution
		HideSolutionNode = FALSE
	EndGlobalSection
	GlobalSection(ExtensibilityGlobals) = postSolution
		SolutionGuid = {95CDC7DC-A61D-458B-BA00-44608B532249}
	EndGlobalSection
EndGlobal
